
Microsoft Visual Studio Solution File, Format Version 12.00
# Visual Studio Version 17
VisualStudioVersion = 17.13.35931.197 d17.13
MinimumVisualStudioVersion = 10.0.40219.1
Project("{FAE04EC0-301F-11D3-BF4B-00C04F79EFBC}") = "InsureYouAI", "InsureYouAI\InsureYouAI.csproj", "{6527B70C-DE85-4205-918E-8BB97AEF4CE1}"
EndProject
Global
	GlobalSection(SolutionConfigurationPlatforms) = preSolution
		Debug|Any CPU = Debug|Any CPU
		Release|Any CPU = Release|Any CPU
	EndGlobalSection
	GlobalSection(ProjectConfigurationPlatforms) = postSolution
		{6527B70C-DE85-4205-918E-8BB97AEF4CE1}.Debug|Any CPU.ActiveCfg = Debug|Any CPU
		{6527B70C-DE85-4205-918E-8BB97AEF4CE1}.Debug|Any CPU.Build.0 = Debug|Any CPU
		{6527B70C-DE85-4205-918E-8BB97AEF4CE1}.Release|Any CPU.ActiveCfg = Release|Any CPU
		{6527B70C-DE85-4205-918E-8BB97AEF4CE1}.Release|Any CPU.Build.0 = Release|Any CPU
	EndGlobalSection
	GlobalSection(SolutionProperties) = preSolution
		HideSolutionNode = FALSE
	EndGlobalSection
	GlobalSection(ExtensibilityGlobals) = postSolution
		SolutionGuid = {8BEEAAD9-0D96-4959-8070-1072C2E52FFC}
	EndGlobalSection
EndGlobal
